// !$*UTF8*$!
{
	archiveVersion = 1;
	classes = {
	};
	objectVersion = 46;
	objects = {

/* Begin PBXBuildFile section */
		501370F01E1B4F6B0076977B /* TopicAuthorTableViewCell.swift in Sources */ = {isa = PBXBuildFile; fileRef = 501370EF1E1B4F6B0076977B /* TopicAuthorTableViewCell.swift */; };
		501370F21E1B4F770076977B /* TopicReplyTableViewCell.swift in Sources */ = {isa = PBXBuildFile; fileRef = 501370F11E1B4F770076977B /* TopicReplyTableViewCell.swift */; };
		501370F41E1BA00A0076977B /* TopicBlankTableViewCell.swift in Sources */ = {isa = PBXBuildFile; fileRef = 501370F31E1BA00A0076977B /* TopicBlankTableViewCell.swift */; };
		501370F81E1BB12E0076977B /* TopicHeaderTableViewCell.swift in Sources */ = {isa = PBXBuildFile; fileRef = 501370F71E1BB12E0076977B /* TopicHeaderTableViewCell.swift */; };
		501370FA1E1BB1390076977B /* TopicFooterTableViewCell.swift in Sources */ = {isa = PBXBuildFile; fileRef = 501370F91E1BB1390076977B /* TopicFooterTableViewCell.swift */; };
		501FB7BA1E13C7FD009B94BA /* UIColor+Extensions.swift in Sources */ = {isa = PBXBuildFile; fileRef = 501FB7B91E13C7FD009B94BA /* UIColor+Extensions.swift */; };
		501FB7BF1E13D6E5009B94BA /* PullToRefresh.swift in Sources */ = {isa = PBXBuildFile; fileRef = 501FB7BE1E13D6E5009B94BA /* PullToRefresh.swift */; };
		50280C9F1E165C2700996FDA /* TopicReplyModel.swift in Sources */ = {isa = PBXBuildFile; fileRef = 50280C9E1E165C2700996FDA /* TopicReplyModel.swift */; };
		50360EB91E0B7BE700B082DD /* AnimationUtility.swift in Sources */ = {isa = PBXBuildFile; fileRef = 50360EB81E0B7BE700B082DD /* AnimationUtility.swift */; };
		50459A9C1E10F83D00E4F6DD /* TopicDetailViewController.swift in Sources */ = {isa = PBXBuildFile; fileRef = 50459A9B1E10F83D00E4F6DD /* TopicDetailViewController.swift */; };
		50459A9E1E11020A00E4F6DD /* ExpandingCellTransition.swift in Sources */ = {isa = PBXBuildFile; fileRef = 50459A9D1E11020A00E4F6DD /* ExpandingCellTransition.swift */; };
		504667A21E0CC954008B6953 /* TopicOverviewTableViewCell.swift in Sources */ = {isa = PBXBuildFile; fileRef = 504667A11E0CC954008B6953 /* TopicOverviewTableViewCell.swift */; };
		504667A41E0CF5F5008B6953 /* fps.swift in Sources */ = {isa = PBXBuildFile; fileRef = 504667A31E0CF5F5008B6953 /* fps.swift */; };
		504667A81E0D09EA008B6953 /* V2EX.swift in Sources */ = {isa = PBXBuildFile; fileRef = 504667A71E0D09EA008B6953 /* V2EX.swift */; };
		504667AA1E0D1014008B6953 /* NetworkManager.swift in Sources */ = {isa = PBXBuildFile; fileRef = 504667A91E0D1014008B6953 /* NetworkManager.swift */; };
		504667AC1E0D2798008B6953 /* TopicOverviewModel.swift in Sources */ = {isa = PBXBuildFile; fileRef = 504667AB1E0D2798008B6953 /* TopicOverviewModel.swift */; };
		504667AE1E0D3034008B6953 /* MemberModel.swift in Sources */ = {isa = PBXBuildFile; fileRef = 504667AD1E0D3034008B6953 /* MemberModel.swift */; };
		504667B01E0D3B2B008B6953 /* NodeModel.swift in Sources */ = {isa = PBXBuildFile; fileRef = 504667AF1E0D3B2B008B6953 /* NodeModel.swift */; };
		5065F6E11E0A88B100B5A9FD /* Global.swift in Sources */ = {isa = PBXBuildFile; fileRef = 5065F6E01E0A88B100B5A9FD /* Global.swift */; };
		5067E20B1E0A9F0B0016F924 /* MenuView.xib in Resources */ = {isa = PBXBuildFile; fileRef = 5067E20A1E0A9F0B0016F924 /* MenuView.xib */; };
		5067E20D1E0AA0D20016F924 /* MenuView.swift in Sources */ = {isa = PBXBuildFile; fileRef = 5067E20C1E0AA0D20016F924 /* MenuView.swift */; };
		507F4EEE1E0944EA0033A10B /* AppDelegate.swift in Sources */ = {isa = PBXBuildFile; fileRef = 507F4EED1E0944EA0033A10B /* AppDelegate.swift */; };
		507F4EF01E0944EA0033A10B /* HomeViewController.swift in Sources */ = {isa = PBXBuildFile; fileRef = 507F4EEF1E0944EA0033A10B /* HomeViewController.swift */; };
		507F4EF31E0944EA0033A10B /* Main.storyboard in Resources */ = {isa = PBXBuildFile; fileRef = 507F4EF11E0944EA0033A10B /* Main.storyboard */; };
		507F4EF51E0944EA0033A10B /* Assets.xcassets in Resources */ = {isa = PBXBuildFile; fileRef = 507F4EF41E0944EA0033A10B /* Assets.xcassets */; };
		507F4EF81E0944EA0033A10B /* LaunchScreen.storyboard in Resources */ = {isa = PBXBuildFile; fileRef = 507F4EF61E0944EA0033A10B /* LaunchScreen.storyboard */; };
		507F4F001E094FDD0033A10B /* Material.framework in Frameworks */ = {isa = PBXBuildFile; fileRef = 507F4EFF1E094FDD0033A10B /* Material.framework */; };
		50B1D8641E1270CD00BCE4FF /* NSDate+Extension.swift in Sources */ = {isa = PBXBuildFile; fileRef = 50B1D8631E1270CD00BCE4FF /* NSDate+Extension.swift */; };
		50B1D8661E1273BC00BCE4FF /* NSDateTimeAgo.bundle in Resources */ = {isa = PBXBuildFile; fileRef = 50B1D8651E1273BC00BCE4FF /* NSDateTimeAgo.bundle */; };
		50B1D86C1E127D1C00BCE4FF /* ARIndicator.swift in Sources */ = {isa = PBXBuildFile; fileRef = 50B1D86B1E127D1C00BCE4FF /* ARIndicator.swift */; };
		50E8C0791E0E7A3800FAC85B /* PaddingLabel.swift in Sources */ = {isa = PBXBuildFile; fileRef = 50E8C0781E0E7A3800FAC85B /* PaddingLabel.swift */; };
		50E8C07B1E0E838C00FAC85B /* UIImageView+Extension.swift in Sources */ = {isa = PBXBuildFile; fileRef = 50E8C07A1E0E838C00FAC85B /* UIImageView+Extension.swift */; };
		50E8C07D1E0E854400FAC85B /* Kingfisher.framework in Frameworks */ = {isa = PBXBuildFile; fileRef = 50E8C07C1E0E854400FAC85B /* Kingfisher.framework */; };
		E80AE0F3475E5636E0667E32 /* Pods_Material_V2EX.framework in Frameworks */ = {isa = PBXBuildFile; fileRef = C23F512E3159AF0F91B87629 /* Pods_Material_V2EX.framework */; };
/* End PBXBuildFile section */

/* Begin PBXFileReference section */
		129AD5DE7B3A87FB58203427 /* Pods-Material-V2EX.release.xcconfig */ = {isa = PBXFileReference; includeInIndex = 1; lastKnownFileType = text.xcconfig; name = "Pods-Material-V2EX.release.xcconfig"; path = "Pods/Target Support Files/Pods-Material-V2EX/Pods-Material-V2EX.release.xcconfig"; sourceTree = "<group>"; };
		29B58BBFCC35172E2E415A05 /* Pods-Material-V2EX.debug.xcconfig */ = {isa = PBXFileReference; includeInIndex = 1; lastKnownFileType = text.xcconfig; name = "Pods-Material-V2EX.debug.xcconfig"; path = "Pods/Target Support Files/Pods-Material-V2EX/Pods-Material-V2EX.debug.xcconfig"; sourceTree = "<group>"; };
		501370E81E1B47C50076977B /* UITableView_FDTemplateLayoutCell.framework */ = {isa = PBXFileReference; lastKnownFileType = wrapper.framework; name = UITableView_FDTemplateLayoutCell.framework; path = "../../../../../../Library/Developer/Xcode/DerivedData/Material-V2EX-ggvhqkoortazbjhkiqzzdvoaqujd/Build/Products/Debug-iphonesimulator/UITableView+FDTemplateLayoutCell/UITableView_FDTemplateLayoutCell.framework"; sourceTree = "<group>"; };
		501370EF1E1B4F6B0076977B /* TopicAuthorTableViewCell.swift */ = {isa = PBXFileReference; fileEncoding = 4; lastKnownFileType = sourcecode.swift; path = TopicAuthorTableViewCell.swift; sourceTree = "<group>"; };
		501370F11E1B4F770076977B /* TopicReplyTableViewCell.swift */ = {isa = PBXFileReference; fileEncoding = 4; lastKnownFileType = sourcecode.swift; path = TopicReplyTableViewCell.swift; sourceTree = "<group>"; };
		501370F31E1BA00A0076977B /* TopicBlankTableViewCell.swift */ = {isa = PBXFileReference; fileEncoding = 4; lastKnownFileType = sourcecode.swift; path = TopicBlankTableViewCell.swift; sourceTree = "<group>"; };
		501370F71E1BB12E0076977B /* TopicHeaderTableViewCell.swift */ = {isa = PBXFileReference; fileEncoding = 4; lastKnownFileType = sourcecode.swift; path = TopicHeaderTableViewCell.swift; sourceTree = "<group>"; };
		501370F91E1BB1390076977B /* TopicFooterTableViewCell.swift */ = {isa = PBXFileReference; fileEncoding = 4; lastKnownFileType = sourcecode.swift; path = TopicFooterTableViewCell.swift; sourceTree = "<group>"; };
		501FB7B91E13C7FD009B94BA /* UIColor+Extensions.swift */ = {isa = PBXFileReference; fileEncoding = 4; lastKnownFileType = sourcecode.swift; path = "UIColor+Extensions.swift"; sourceTree = "<group>"; };
		501FB7BE1E13D6E5009B94BA /* PullToRefresh.swift */ = {isa = PBXFileReference; fileEncoding = 4; lastKnownFileType = sourcecode.swift; path = PullToRefresh.swift; sourceTree = "<group>"; };
		50280C9E1E165C2700996FDA /* TopicReplyModel.swift */ = {isa = PBXFileReference; fileEncoding = 4; lastKnownFileType = sourcecode.swift; path = TopicReplyModel.swift; sourceTree = "<group>"; };
		50360EB81E0B7BE700B082DD /* AnimationUtility.swift */ = {isa = PBXFileReference; fileEncoding = 4; lastKnownFileType = sourcecode.swift; path = AnimationUtility.swift; sourceTree = "<group>"; };
		50459A9B1E10F83D00E4F6DD /* TopicDetailViewController.swift */ = {isa = PBXFileReference; fileEncoding = 4; lastKnownFileType = sourcecode.swift; path = TopicDetailViewController.swift; sourceTree = "<group>"; };
		50459A9D1E11020A00E4F6DD /* ExpandingCellTransition.swift */ = {isa = PBXFileReference; fileEncoding = 4; lastKnownFileType = sourcecode.swift; path = ExpandingCellTransition.swift; sourceTree = "<group>"; };
		504667A11E0CC954008B6953 /* TopicOverviewTableViewCell.swift */ = {isa = PBXFileReference; fileEncoding = 4; lastKnownFileType = sourcecode.swift; path = TopicOverviewTableViewCell.swift; sourceTree = "<group>"; };
		504667A31E0CF5F5008B6953 /* fps.swift */ = {isa = PBXFileReference; fileEncoding = 4; lastKnownFileType = sourcecode.swift; path = fps.swift; sourceTree = "<group>"; };
		504667A71E0D09EA008B6953 /* V2EX.swift */ = {isa = PBXFileReference; fileEncoding = 4; lastKnownFileType = sourcecode.swift; path = V2EX.swift; sourceTree = "<group>"; };
		504667A91E0D1014008B6953 /* NetworkManager.swift */ = {isa = PBXFileReference; fileEncoding = 4; lastKnownFileType = sourcecode.swift; path = NetworkManager.swift; sourceTree = "<group>"; };
		504667AB1E0D2798008B6953 /* TopicOverviewModel.swift */ = {isa = PBXFileReference; fileEncoding = 4; lastKnownFileType = sourcecode.swift; path = TopicOverviewModel.swift; sourceTree = "<group>"; };
		504667AD1E0D3034008B6953 /* MemberModel.swift */ = {isa = PBXFileReference; fileEncoding = 4; lastKnownFileType = sourcecode.swift; path = MemberModel.swift; sourceTree = "<group>"; };
		504667AF1E0D3B2B008B6953 /* NodeModel.swift */ = {isa = PBXFileReference; fileEncoding = 4; lastKnownFileType = sourcecode.swift; path = NodeModel.swift; sourceTree = "<group>"; };
		5065F6E01E0A88B100B5A9FD /* Global.swift */ = {isa = PBXFileReference; fileEncoding = 4; lastKnownFileType = sourcecode.swift; path = Global.swift; sourceTree = "<group>"; };
		5067E20A1E0A9F0B0016F924 /* MenuView.xib */ = {isa = PBXFileReference; fileEncoding = 4; lastKnownFileType = file.xib; path = MenuView.xib; sourceTree = "<group>"; };
		5067E20C1E0AA0D20016F924 /* MenuView.swift */ = {isa = PBXFileReference; fileEncoding = 4; lastKnownFileType = sourcecode.swift; path = MenuView.swift; sourceTree = "<group>"; };
		507F4EEA1E0944EA0033A10B /* Material-V2EX.app */ = {isa = PBXFileReference; explicitFileType = wrapper.application; includeInIndex = 0; path = "Material-V2EX.app"; sourceTree = BUILT_PRODUCTS_DIR; };
		507F4EED1E0944EA0033A10B /* AppDelegate.swift */ = {isa = PBXFileReference; lastKnownFileType = sourcecode.swift; path = AppDelegate.swift; sourceTree = "<group>"; };
		507F4EEF1E0944EA0033A10B /* HomeViewController.swift */ = {isa = PBXFileReference; lastKnownFileType = sourcecode.swift; path = HomeViewController.swift; sourceTree = "<group>"; };
		507F4EF21E0944EA0033A10B /* Base */ = {isa = PBXFileReference; lastKnownFileType = file.storyboard; name = Base; path = Base.lproj/Main.storyboard; sourceTree = "<group>"; };
		507F4EF41E0944EA0033A10B /* Assets.xcassets */ = {isa = PBXFileReference; lastKnownFileType = folder.assetcatalog; path = Assets.xcassets; sourceTree = "<group>"; };
		507F4EF71E0944EA0033A10B /* Base */ = {isa = PBXFileReference; lastKnownFileType = file.storyboard; name = Base; path = Base.lproj/LaunchScreen.storyboard; sourceTree = "<group>"; };
		507F4EF91E0944EA0033A10B /* Info.plist */ = {isa = PBXFileReference; lastKnownFileType = text.plist.xml; path = Info.plist; sourceTree = "<group>"; };
		507F4EFF1E094FDD0033A10B /* Material.framework */ = {isa = PBXFileReference; lastKnownFileType = wrapper.framework; name = Material.framework; path = "../../../../../../Library/Developer/Xcode/DerivedData/Material-V2EX-ggvhqkoortazbjhkiqzzdvoaqujd/Build/Products/Debug-iphoneos/Material/Material.framework"; sourceTree = "<group>"; };
		50B1D8621E126AAD00BCE4FF /* Material-V2EX-Bridging-Hedaer.h */ = {isa = PBXFileReference; fileEncoding = 4; lastKnownFileType = sourcecode.c.h; path = "Material-V2EX-Bridging-Hedaer.h"; sourceTree = "<group>"; };
		50B1D8631E1270CD00BCE4FF /* NSDate+Extension.swift */ = {isa = PBXFileReference; fileEncoding = 4; lastKnownFileType = sourcecode.swift; path = "NSDate+Extension.swift"; sourceTree = "<group>"; };
		50B1D8651E1273BC00BCE4FF /* NSDateTimeAgo.bundle */ = {isa = PBXFileReference; lastKnownFileType = "wrapper.plug-in"; path = NSDateTimeAgo.bundle; sourceTree = "<group>"; };
		50B1D8671E12778700BCE4FF /* zh-Hans */ = {isa = PBXFileReference; lastKnownFileType = text.plist.strings; name = "zh-Hans"; path = "zh-Hans.lproj/Main.strings"; sourceTree = "<group>"; };
		50B1D8681E12778700BCE4FF /* zh-Hans */ = {isa = PBXFileReference; lastKnownFileType = text.plist.strings; name = "zh-Hans"; path = "zh-Hans.lproj/LaunchScreen.strings"; sourceTree = "<group>"; };
		50B1D86B1E127D1C00BCE4FF /* ARIndicator.swift */ = {isa = PBXFileReference; fileEncoding = 4; lastKnownFileType = sourcecode.swift; path = ARIndicator.swift; sourceTree = "<group>"; };
		50E8C0781E0E7A3800FAC85B /* PaddingLabel.swift */ = {isa = PBXFileReference; fileEncoding = 4; lastKnownFileType = sourcecode.swift; path = PaddingLabel.swift; sourceTree = "<group>"; };
		50E8C07A1E0E838C00FAC85B /* UIImageView+Extension.swift */ = {isa = PBXFileReference; fileEncoding = 4; lastKnownFileType = sourcecode.swift; path = "UIImageView+Extension.swift"; sourceTree = "<group>"; };
		50E8C07C1E0E854400FAC85B /* Kingfisher.framework */ = {isa = PBXFileReference; lastKnownFileType = wrapper.framework; name = Kingfisher.framework; path = "../../../../../../Library/Developer/Xcode/DerivedData/Material-V2EX-ggvhqkoortazbjhkiqzzdvoaqujd/Build/Products/Debug-iphoneos/Kingfisher/Kingfisher.framework"; sourceTree = "<group>"; };
		C23F512E3159AF0F91B87629 /* Pods_Material_V2EX.framework */ = {isa = PBXFileReference; explicitFileType = wrapper.framework; includeInIndex = 0; path = Pods_Material_V2EX.framework; sourceTree = BUILT_PRODUCTS_DIR; };
/* End PBXFileReference section */

/* Begin PBXFrameworksBuildPhase section */
		507F4EE71E0944EA0033A10B /* Frameworks */ = {
			isa = PBXFrameworksBuildPhase;
			buildActionMask = 2147483647;
			files = (
				50E8C07D1E0E854400FAC85B /* Kingfisher.framework in Frameworks */,
				507F4F001E094FDD0033A10B /* Material.framework in Frameworks */,
				E80AE0F3475E5636E0667E32 /* Pods_Material_V2EX.framework in Frameworks */,
			);
			runOnlyForDeploymentPostprocessing = 0;
		};
/* End PBXFrameworksBuildPhase section */

/* Begin PBXGroup section */
		4FD4F3547EEF4EDCB204C2E1 /* Frameworks */ = {
			isa = PBXGroup;
			children = (
				501370E81E1B47C50076977B /* UITableView_FDTemplateLayoutCell.framework */,
				50E8C07C1E0E854400FAC85B /* Kingfisher.framework */,
				507F4EFF1E094FDD0033A10B /* Material.framework */,
				C23F512E3159AF0F91B87629 /* Pods_Material_V2EX.framework */,
			);
			name = Frameworks;
			sourceTree = "<group>";
		};
		501FB7B81E13A701009B94BA /* PaddingLabel */ = {
			isa = PBXGroup;
			children = (
				50E8C0781E0E7A3800FAC85B /* PaddingLabel.swift */,
			);
			name = PaddingLabel;
			sourceTree = "<group>";
		};
		50360EBA1E0BAF9500B082DD /* Views */ = {
			isa = PBXGroup;
			children = (
				5067E20A1E0A9F0B0016F924 /* MenuView.xib */,
				5067E20C1E0AA0D20016F924 /* MenuView.swift */,
			);
			name = Views;
			sourceTree = "<group>";
		};
		50360EBB1E0BAF9F00B082DD /* Cells */ = {
			isa = PBXGroup;
			children = (
				504667A11E0CC954008B6953 /* TopicOverviewTableViewCell.swift */,
				501370EF1E1B4F6B0076977B /* TopicAuthorTableViewCell.swift */,
				501370F11E1B4F770076977B /* TopicReplyTableViewCell.swift */,
				501370F31E1BA00A0076977B /* TopicBlankTableViewCell.swift */,
				501370F71E1BB12E0076977B /* TopicHeaderTableViewCell.swift */,
				501370F91E1BB1390076977B /* TopicFooterTableViewCell.swift */,
			);
			name = Cells;
			sourceTree = "<group>";
		};
		504667A51E0D087E008B6953 /* Network */ = {
			isa = PBXGroup;
			children = (
				504667A71E0D09EA008B6953 /* V2EX.swift */,
				504667A91E0D1014008B6953 /* NetworkManager.swift */,
			);
			name = Network;
			sourceTree = "<group>";
		};
		504667A61E0D0897008B6953 /* Models */ = {
			isa = PBXGroup;
			children = (
				504667AB1E0D2798008B6953 /* TopicOverviewModel.swift */,
				504667AD1E0D3034008B6953 /* MemberModel.swift */,
				504667AF1E0D3B2B008B6953 /* NodeModel.swift */,
				50280C9E1E165C2700996FDA /* TopicReplyModel.swift */,
			);
			name = Models;
			sourceTree = "<group>";
		};
		5065F6DF1E0A888B00B5A9FD /* Helpers */ = {
			isa = PBXGroup;
			children = (
				50B1D8691E12788500BCE4FF /* Libraries */,
				50E8C0751E0E797600FAC85B /* Extensions */,
				5065F6E01E0A88B100B5A9FD /* Global.swift */,
				504667A31E0CF5F5008B6953 /* fps.swift */,
			);
			name = Helpers;
			sourceTree = "<group>";
		};
		5067E2071E0A9A320016F924 /* Views */ = {
			isa = PBXGroup;
			children = (
				50360EBB1E0BAF9F00B082DD /* Cells */,
				50360EBA1E0BAF9500B082DD /* Views */,
			);
			name = Views;
			sourceTree = "<group>";
		};
		507F4EE11E0944EA0033A10B = {
			isa = PBXGroup;
			children = (
				507F4EEC1E0944EA0033A10B /* Material-V2EX */,
				507F4EEB1E0944EA0033A10B /* Products */,
				B5B2FCC6A8ECE586D13477FB /* Pods */,
				4FD4F3547EEF4EDCB204C2E1 /* Frameworks */,
			);
			sourceTree = "<group>";
		};
		507F4EEB1E0944EA0033A10B /* Products */ = {
			isa = PBXGroup;
			children = (
				507F4EEA1E0944EA0033A10B /* Material-V2EX.app */,
			);
			name = Products;
			sourceTree = "<group>";
		};
		507F4EEC1E0944EA0033A10B /* Material-V2EX */ = {
			isa = PBXGroup;
			children = (
				50B1D8621E126AAD00BCE4FF /* Material-V2EX-Bridging-Hedaer.h */,
				50D444CC1E0A851E005BDC49 /* Animations */,
				5065F6DF1E0A888B00B5A9FD /* Helpers */,
				504667A51E0D087E008B6953 /* Network */,
				504667A61E0D0897008B6953 /* Models */,
				50D444CB1E0A837F005BDC49 /* ViewControllers */,
				5067E2071E0A9A320016F924 /* Views */,
				507F4EED1E0944EA0033A10B /* AppDelegate.swift */,
				507F4EF11E0944EA0033A10B /* Main.storyboard */,
				507F4EF41E0944EA0033A10B /* Assets.xcassets */,
				507F4EF61E0944EA0033A10B /* LaunchScreen.storyboard */,
				507F4EF91E0944EA0033A10B /* Info.plist */,
			);
			path = "Material-V2EX";
			sourceTree = "<group>";
		};
		50B1D8691E12788500BCE4FF /* Libraries */ = {
			isa = PBXGroup;
			children = (
				501FB7B81E13A701009B94BA /* PaddingLabel */,
				50B1D86A1E12789300BCE4FF /* ARIndicator */,
			);
			name = Libraries;
			sourceTree = "<group>";
		};
		50B1D86A1E12789300BCE4FF /* ARIndicator */ = {
			isa = PBXGroup;
			children = (
				50B1D86B1E127D1C00BCE4FF /* ARIndicator.swift */,
			);
			name = ARIndicator;
			sourceTree = "<group>";
		};
		50D444CB1E0A837F005BDC49 /* ViewControllers */ = {
			isa = PBXGroup;
			children = (
				507F4EEF1E0944EA0033A10B /* HomeViewController.swift */,
				50459A9B1E10F83D00E4F6DD /* TopicDetailViewController.swift */,
			);
			name = ViewControllers;
			sourceTree = "<group>";
		};
		50D444CC1E0A851E005BDC49 /* Animations */ = {
			isa = PBXGroup;
			children = (
				50360EB81E0B7BE700B082DD /* AnimationUtility.swift */,
				50459A9D1E11020A00E4F6DD /* ExpandingCellTransition.swift */,
				501FB7BE1E13D6E5009B94BA /* PullToRefresh.swift */,
			);
			name = Animations;
			sourceTree = "<group>";
		};
		50E8C0751E0E797600FAC85B /* Extensions */ = {
			isa = PBXGroup;
			children = (
				50E8C07A1E0E838C00FAC85B /* UIImageView+Extension.swift */,
				501FB7B91E13C7FD009B94BA /* UIColor+Extensions.swift */,
				50B1D8631E1270CD00BCE4FF /* NSDate+Extension.swift */,
				50B1D8651E1273BC00BCE4FF /* NSDateTimeAgo.bundle */,
			);
			name = Extensions;
			sourceTree = "<group>";
		};
		B5B2FCC6A8ECE586D13477FB /* Pods */ = {
			isa = PBXGroup;
			children = (
				29B58BBFCC35172E2E415A05 /* Pods-Material-V2EX.debug.xcconfig */,
				129AD5DE7B3A87FB58203427 /* Pods-Material-V2EX.release.xcconfig */,
			);
			name = Pods;
			sourceTree = "<group>";
		};
/* End PBXGroup section */

/* Begin PBXNativeTarget section */
		507F4EE91E0944EA0033A10B /* Material-V2EX */ = {
			isa = PBXNativeTarget;
			buildConfigurationList = 507F4EFC1E0944EA0033A10B /* Build configuration list for PBXNativeTarget "Material-V2EX" */;
			buildPhases = (
				C5D86B34B1965B71162ED699 /* [CP] Check Pods Manifest.lock */,
				507F4EE61E0944EA0033A10B /* Sources */,
				507F4EE71E0944EA0033A10B /* Frameworks */,
				507F4EE81E0944EA0033A10B /* Resources */,
				89EC1C76444D36A5C470FD05 /* [CP] Embed Pods Frameworks */,
				527131B361CBA3FD95F9E678 /* [CP] Copy Pods Resources */,
				50B358CB1E0A2F5100798612 /* ShellScript */,
			);
			buildRules = (
			);
			dependencies = (
			);
			name = "Material-V2EX";
			productName = "Material-V2EX";
			productReference = 507F4EEA1E0944EA0033A10B /* Material-V2EX.app */;
			productType = "com.apple.product-type.application";
		};
/* End PBXNativeTarget section */

/* Begin PBXProject section */
		507F4EE21E0944EA0033A10B /* Project object */ = {
			isa = PBXProject;
			attributes = {
				LastSwiftUpdateCheck = 0820;
				LastUpgradeCheck = 0820;
				ORGANIZATIONNAME = altair21;
				TargetAttributes = {
					507F4EE91E0944EA0033A10B = {
						CreatedOnToolsVersion = 8.2.1;
						DevelopmentTeam = 7ZB4J6GUHQ;
						ProvisioningStyle = Automatic;
					};
				};
			};
			buildConfigurationList = 507F4EE51E0944EA0033A10B /* Build configuration list for PBXProject "Material-V2EX" */;
			compatibilityVersion = "Xcode 3.2";
			developmentRegion = English;
			hasScannedForEncodings = 0;
			knownRegions = (
				en,
				Base,
			);
			mainGroup = 507F4EE11E0944EA0033A10B;
			productRefGroup = 507F4EEB1E0944EA0033A10B /* Products */;
			projectDirPath = "";
			projectRoot = "";
			targets = (
				507F4EE91E0944EA0033A10B /* Material-V2EX */,
			);
		};
/* End PBXProject section */

/* Begin PBXResourcesBuildPhase section */
		507F4EE81E0944EA0033A10B /* Resources */ = {
			isa = PBXResourcesBuildPhase;
			buildActionMask = 2147483647;
			files = (
				507F4EF81E0944EA0033A10B /* LaunchScreen.storyboard in Resources */,
				50B1D8661E1273BC00BCE4FF /* NSDateTimeAgo.bundle in Resources */,
				5067E20B1E0A9F0B0016F924 /* MenuView.xib in Resources */,
				507F4EF51E0944EA0033A10B /* Assets.xcassets in Resources */,
				507F4EF31E0944EA0033A10B /* Main.storyboard in Resources */,
			);
			runOnlyForDeploymentPostprocessing = 0;
		};
/* End PBXResourcesBuildPhase section */

/* Begin PBXShellScriptBuildPhase section */
		50B358CB1E0A2F5100798612 /* ShellScript */ = {
			isa = PBXShellScriptBuildPhase;
			buildActionMask = 2147483647;
			files = (
			);
			inputPaths = (
			);
			outputPaths = (
			);
			runOnlyForDeploymentPostprocessing = 0;
			shellPath = /bin/sh;
			shellScript = "version=`/usr/libexec/PlistBuddy -c \"Print CFBundleVersion\" $PRODUCT_SETTINGS_PATH`\nversion=`expr $version + 1`\n/usr/libexec/PlistBuddy -c \"Set :CFBundleVersion $version\" $PRODUCT_SETTINGS_PATH\n#/usr/libexec/PlistBuddy -c \"Set :CFBundleShortVersionString $version\" $PRODUCT_SETTINGS_PATH 这行代码会让version也自增，一般不需要";
		};
		527131B361CBA3FD95F9E678 /* [CP] Copy Pods Resources */ = {
			isa = PBXShellScriptBuildPhase;
			buildActionMask = 2147483647;
			files = (
			);
			inputPaths = (
			);
			name = "[CP] Copy Pods Resources";
			outputPaths = (
			);
			runOnlyForDeploymentPostprocessing = 0;
			shellPath = /bin/sh;
			shellScript = "\"${SRCROOT}/Pods/Target Support Files/Pods-Material-V2EX/Pods-Material-V2EX-resources.sh\"\n";
			showEnvVarsInLog = 0;
		};
		89EC1C76444D36A5C470FD05 /* [CP] Embed Pods Frameworks */ = {
			isa = PBXShellScriptBuildPhase;
			buildActionMask = 2147483647;
			files = (
			);
			inputPaths = (
			);
			name = "[CP] Embed Pods Frameworks";
			outputPaths = (
			);
			runOnlyForDeploymentPostprocessing = 0;
			shellPath = /bin/sh;
			shellScript = "\"${SRCROOT}/Pods/Target Support Files/Pods-Material-V2EX/Pods-Material-V2EX-frameworks.sh\"\n";
			showEnvVarsInLog = 0;
		};
		C5D86B34B1965B71162ED699 /* [CP] Check Pods Manifest.lock */ = {
			isa = PBXShellScriptBuildPhase;
			buildActionMask = 2147483647;
			files = (
			);
			inputPaths = (
			);
			name = "[CP] Check Pods Manifest.lock";
			outputPaths = (
			);
			runOnlyForDeploymentPostprocessing = 0;
			shellPath = /bin/sh;
			shellScript = "diff \"${PODS_ROOT}/../Podfile.lock\" \"${PODS_ROOT}/Manifest.lock\" > /dev/null\nif [ $? != 0 ] ; then\n    # print error to STDERR\n    echo \"error: The sandbox is not in sync with the Podfile.lock. Run 'pod install' or update your CocoaPods installation.\" >&2\n    exit 1\nfi\n";
			showEnvVarsInLog = 0;
		};
/* End PBXShellScriptBuildPhase section */

/* Begin PBXSourcesBuildPhase section */
		507F4EE61E0944EA0033A10B /* Sources */ = {
			isa = PBXSourcesBuildPhase;
			buildActionMask = 2147483647;
			files = (
				504667AA1E0D1014008B6953 /* NetworkManager.swift in Sources */,
				50459A9E1E11020A00E4F6DD /* ExpandingCellTransition.swift in Sources */,
				504667A21E0CC954008B6953 /* TopicOverviewTableViewCell.swift in Sources */,
				50280C9F1E165C2700996FDA /* TopicReplyModel.swift in Sources */,
				50360EB91E0B7BE700B082DD /* AnimationUtility.swift in Sources */,
				501370FA1E1BB1390076977B /* TopicFooterTableViewCell.swift in Sources */,
				501370F81E1BB12E0076977B /* TopicHeaderTableViewCell.swift in Sources */,
				507F4EF01E0944EA0033A10B /* HomeViewController.swift in Sources */,
				504667AC1E0D2798008B6953 /* TopicOverviewModel.swift in Sources */,
				504667B01E0D3B2B008B6953 /* NodeModel.swift in Sources */,
				507F4EEE1E0944EA0033A10B /* AppDelegate.swift in Sources */,
				50B1D86C1E127D1C00BCE4FF /* ARIndicator.swift in Sources */,
				501370F41E1BA00A0076977B /* TopicBlankTableViewCell.swift in Sources */,
				5067E20D1E0AA0D20016F924 /* MenuView.swift in Sources */,
				501FB7BA1E13C7FD009B94BA /* UIColor+Extensions.swift in Sources */,
				504667A41E0CF5F5008B6953 /* fps.swift in Sources */,
				501370F21E1B4F770076977B /* TopicReplyTableViewCell.swift in Sources */,
				5065F6E11E0A88B100B5A9FD /* Global.swift in Sources */,
				501FB7BF1E13D6E5009B94BA /* PullToRefresh.swift in Sources */,
				50E8C0791E0E7A3800FAC85B /* PaddingLabel.swift in Sources */,
				501370F01E1B4F6B0076977B /* TopicAuthorTableViewCell.swift in Sources */,
				50B1D8641E1270CD00BCE4FF /* NSDate+Extension.swift in Sources */,
				504667A81E0D09EA008B6953 /* V2EX.swift in Sources */,
				504667AE1E0D3034008B6953 /* MemberModel.swift in Sources */,
				50459A9C1E10F83D00E4F6DD /* TopicDetailViewController.swift in Sources */,
				50E8C07B1E0E838C00FAC85B /* UIImageView+Extension.swift in Sources */,
			);
			runOnlyForDeploymentPostprocessing = 0;
		};
/* End PBXSourcesBuildPhase section */

/* Begin PBXVariantGroup section */
		507F4EF11E0944EA0033A10B /* Main.storyboard */ = {
			isa = PBXVariantGroup;
			children = (
				507F4EF21E0944EA0033A10B /* Base */,
				50B1D8671E12778700BCE4FF /* zh-Hans */,
			);
			name = Main.storyboard;
			sourceTree = "<group>";
		};
		507F4EF61E0944EA0033A10B /* LaunchScreen.storyboard */ = {
			isa = PBXVariantGroup;
			children = (
				507F4EF71E0944EA0033A10B /* Base */,
				50B1D8681E12778700BCE4FF /* zh-Hans */,
			);
			name = LaunchScreen.storyboard;
			sourceTree = "<group>";
		};
/* End PBXVariantGroup section */

/* Begin XCBuildConfiguration section */
		507F4EFA1E0944EA0033A10B /* Debug */ = {
			isa = XCBuildConfiguration;
			buildSettings = {
				ALWAYS_SEARCH_USER_PATHS = NO;
				CLANG_ANALYZER_LOCALIZABILITY_NONLOCALIZED = YES;
				CLANG_ANALYZER_NONNULL = YES;
				CLANG_CXX_LANGUAGE_STANDARD = "gnu++0x";
				CLANG_CXX_LIBRARY = "libc++";
				CLANG_ENABLE_MODULES = YES;
				CLANG_ENABLE_OBJC_ARC = YES;
				CLANG_WARN_BOOL_CONVERSION = YES;
				CLANG_WARN_CONSTANT_CONVERSION = YES;
				CLANG_WARN_DIRECT_OBJC_ISA_USAGE = YES_ERROR;
				CLANG_WARN_DOCUMENTATION_COMMENTS = YES;
				CLANG_WARN_EMPTY_BODY = YES;
				CLANG_WARN_ENUM_CONVERSION = YES;
				CLANG_WARN_INFINITE_RECURSION = YES;
				CLANG_WARN_INT_CONVERSION = YES;
				CLANG_WARN_OBJC_ROOT_CLASS = YES_ERROR;
				CLANG_WARN_SUSPICIOUS_MOVE = YES;
				CLANG_WARN_UNREACHABLE_CODE = YES;
				CLANG_WARN__DUPLICATE_METHOD_MATCH = YES;
				"CODE_SIGN_IDENTITY[sdk=iphoneos*]" = "iPhone Developer";
				COPY_PHASE_STRIP = NO;
				DEBUG_INFORMATION_FORMAT = dwarf;
				ENABLE_STRICT_OBJC_MSGSEND = YES;
				ENABLE_TESTABILITY = YES;
				GCC_C_LANGUAGE_STANDARD = gnu99;
				GCC_DYNAMIC_NO_PIC = NO;
				GCC_NO_COMMON_BLOCKS = YES;
				GCC_OPTIMIZATION_LEVEL = 0;
				GCC_PREPROCESSOR_DEFINITIONS = (
					"DEBUG=1",
					"$(inherited)",
				);
				GCC_WARN_64_TO_32_BIT_CONVERSION = YES;
				GCC_WARN_ABOUT_RETURN_TYPE = YES_ERROR;
				GCC_WARN_UNDECLARED_SELECTOR = YES;
				GCC_WARN_UNINITIALIZED_AUTOS = YES_AGGRESSIVE;
				GCC_WARN_UNUSED_FUNCTION = YES;
				GCC_WARN_UNUSED_VARIABLE = YES;
				IPHONEOS_DEPLOYMENT_TARGET = 10.2;
				MTL_ENABLE_DEBUG_INFO = YES;
				ONLY_ACTIVE_ARCH = YES;
				SDKROOT = iphoneos;
				SWIFT_ACTIVE_COMPILATION_CONDITIONS = DEBUG;
				SWIFT_OPTIMIZATION_LEVEL = "-Onone";
				TARGETED_DEVICE_FAMILY = "1,2";
			};
			name = Debug;
		};
		507F4EFB1E0944EA0033A10B /* Release */ = {
			isa = XCBuildConfiguration;
			buildSettings = {
				ALWAYS_SEARCH_USER_PATHS = NO;
				CLANG_ANALYZER_LOCALIZABILITY_NONLOCALIZED = YES;
				CLANG_ANALYZER_NONNULL = YES;
				CLANG_CXX_LANGUAGE_STANDARD = "gnu++0x";
				CLANG_CXX_LIBRARY = "libc++";
				CLANG_ENABLE_MODULES = YES;
				CLANG_ENABLE_OBJC_ARC = YES;
				CLANG_WARN_BOOL_CONVERSION = YES;
				CLANG_WARN_CONSTANT_CONVERSION = YES;
				CLANG_WARN_DIRECT_OBJC_ISA_USAGE = YES_ERROR;
				CLANG_WARN_DOCUMENTATION_COMMENTS = YES;
				CLANG_WARN_EMPTY_BODY = YES;
				CLANG_WARN_ENUM_CONVERSION = YES;
				CLANG_WARN_INFINITE_RECURSION = YES;
				CLANG_WARN_INT_CONVERSION = YES;
				CLANG_WARN_OBJC_ROOT_CLASS = YES_ERROR;
				CLANG_WARN_SUSPICIOUS_MOVE = YES;
				CLANG_WARN_UNREACHABLE_CODE = YES;
				CLANG_WARN__DUPLICATE_METHOD_MATCH = YES;
				"CODE_SIGN_IDENTITY[sdk=iphoneos*]" = "iPhone Developer";
				COPY_PHASE_STRIP = NO;
				DEBUG_INFORMATION_FORMAT = "dwarf-with-dsym";
				ENABLE_NS_ASSERTIONS = NO;
				ENABLE_STRICT_OBJC_MSGSEND = YES;
				GCC_C_LANGUAGE_STANDARD = gnu99;
				GCC_NO_COMMON_BLOCKS = YES;
				GCC_WARN_64_TO_32_BIT_CONVERSION = YES;
				GCC_WARN_ABOUT_RETURN_TYPE = YES_ERROR;
				GCC_WARN_UNDECLARED_SELECTOR = YES;
				GCC_WARN_UNINITIALIZED_AUTOS = YES_AGGRESSIVE;
				GCC_WARN_UNUSED_FUNCTION = YES;
				GCC_WARN_UNUSED_VARIABLE = YES;
				IPHONEOS_DEPLOYMENT_TARGET = 10.2;
				MTL_ENABLE_DEBUG_INFO = NO;
				SDKROOT = iphoneos;
				SWIFT_OPTIMIZATION_LEVEL = "-Owholemodule";
				TARGETED_DEVICE_FAMILY = "1,2";
				VALIDATE_PRODUCT = YES;
			};
			name = Release;
		};
		507F4EFD1E0944EA0033A10B /* Debug */ = {
			isa = XCBuildConfiguration;
			baseConfigurationReference = 29B58BBFCC35172E2E415A05 /* Pods-Material-V2EX.debug.xcconfig */;
			buildSettings = {
				ASSETCATALOG_COMPILER_APPICON_NAME = AppIcon;
				DEVELOPMENT_TEAM = 7ZB4J6GUHQ;
				INFOPLIST_FILE = "Material-V2EX/Info.plist";
				IPHONEOS_DEPLOYMENT_TARGET = 8.0;
				LD_RUNPATH_SEARCH_PATHS = "$(inherited) @executable_path/Frameworks";
				PRODUCT_BUNDLE_IDENTIFIER = com.altair21.materialv2ex;
				PRODUCT_NAME = "$(TARGET_NAME)";
				SWIFT_OBJC_BRIDGING_HEADER = "Material-V2EX/Material-V2EX-Bridging-Hedaer.h";
				SWIFT_VERSION = 3.0;
			};
			name = Debug;
		};
		507F4EFE1E0944EA0033A10B /* Release */ = {
			isa = XCBuildConfiguration;
			baseConfigurationReference = 129AD5DE7B3A87FB58203427 /* Pods-Material-V2EX.release.xcconfig */;
			buildSettings = {
				ASSETCATALOG_COMPILER_APPICON_NAME = AppIcon;
				DEVELOPMENT_TEAM = 7ZB4J6GUHQ;
				INFOPLIST_FILE = "Material-V2EX/Info.plist";
				IPHONEOS_DEPLOYMENT_TARGET = 8.0;
				LD_RUNPATH_SEARCH_PATHS = "$(inherited) @executable_path/Frameworks";
				PRODUCT_BUNDLE_IDENTIFIER = com.altair21.materialv2ex;
				PRODUCT_NAME = "$(TARGET_NAME)";
				SWIFT_OBJC_BRIDGING_HEADER = "Material-V2EX/Material-V2EX-Bridging-Hedaer.h";
				SWIFT_VERSION = 3.0;
			};
			name = Release;
		};
/* End XCBuildConfiguration section */

/* Begin XCConfigurationList section */
		507F4EE51E0944EA0033A10B /* Build configuration list for PBXProject "Material-V2EX" */ = {
			isa = XCConfigurationList;
			buildConfigurations = (
				507F4EFA1E0944EA0033A10B /* Debug */,
				507F4EFB1E0944EA0033A10B /* Release */,
			);
			defaultConfigurationIsVisible = 0;
			defaultConfigurationName = Release;
		};
		507F4EFC1E0944EA0033A10B /* Build configuration list for PBXNativeTarget "Material-V2EX" */ = {
			isa = XCConfigurationList;
			buildConfigurations = (
				507F4EFD1E0944EA0033A10B /* Debug */,
				507F4EFE1E0944EA0033A10B /* Release */,
			);
			defaultConfigurationIsVisible = 0;
			defaultConfigurationName = Release;
		};
/* End XCConfigurationList section */
	};
	rootObject = 507F4EE21E0944EA0033A10B /* Project object */;
}
